
Microsoft Visual Studio Solution File, Format Version 12.00
# Visual Studio 15
VisualStudioVersion = 15.0.27703.2042
MinimumVisualStudioVersion = 10.0.40219.1
Project("{FAE04EC0-301F-11D3-BF4B-00C04F79EFBC}") = "Spreadsheet_Eric_Furukawa", "Spreadsheet_Eric_Furukawa\Spreadsheet_Eric_Furukawa.csproj", "{0D3E72CF-A639-4F24-935F-42F716B91D72}"
EndProject
Project("{FAE04EC0-301F-11D3-BF4B-00C04F79EFBC}") = "NUnit.Tests1", "NUnit.Tests1\NUnit.Tests1.csproj", "{8EDF4429-251A-416D-BB68-93F227191BCF}"
EndProject
Project("{FAE04EC0-301F-11D3-BF4B-00C04F79EFBC}") = "SpreadsheetEngine", "SpreadsheetEngine\SpreadsheetEngine.csproj", "{D2C7F967-CCC7-41D8-9519-041A62FA61E5}"
EndProject
Global
	GlobalSection(SolutionConfigurationPlatforms) = preSolution
		Debug|Any CPU = Debug|Any CPU
		Release|Any CPU = Release|Any CPU
	EndGlobalSection
	GlobalSection(ProjectConfigurationPlatforms) = postSolution
		{0D3E72CF-A639-4F24-935F-42F716B91D72}.Debug|Any CPU.ActiveCfg = Debug|Any CPU
		{0D3E72CF-A639-4F24-935F-42F716B91D72}.Debug|Any CPU.Build.0 = Debug|Any CPU
		{0D3E72CF-A639-4F24-935F-42F716B91D72}.Release|Any CPU.ActiveCfg = Release|Any CPU
		{0D3E72CF-A639-4F24-935F-42F716B91D72}.Release|Any CPU.Build.0 = Release|Any CPU
		{8EDF4429-251A-416D-BB68-93F227191BCF}.Debug|Any CPU.ActiveCfg = Debug|Any CPU
		{8EDF4429-251A-416D-BB68-93F227191BCF}.Debug|Any CPU.Build.0 = Debug|Any CPU
		{8EDF4429-251A-416D-BB68-93F227191BCF}.Release|Any CPU.ActiveCfg = Release|Any CPU
		{8EDF4429-251A-416D-BB68-93F227191BCF}.Release|Any CPU.Build.0 = Release|Any CPU
		{D2C7F967-CCC7-41D8-9519-041A62FA61E5}.Debug|Any CPU.ActiveCfg = Debug|Any CPU
		{D2C7F967-CCC7-41D8-9519-041A62FA61E5}.Debug|Any CPU.Build.0 = Debug|Any CPU
		{D2C7F967-CCC7-41D8-9519-041A62FA61E5}.Release|Any CPU.ActiveCfg = Release|Any CPU
		{D2C7F967-CCC7-41D8-9519-041A62FA61E5}.Release|Any CPU.Build.0 = Release|Any CPU
	EndGlobalSection
	GlobalSection(SolutionProperties) = preSolution
		HideSolutionNode = FALSE
	EndGlobalSection
	GlobalSection(ExtensibilityGlobals) = postSolution
		SolutionGuid = {D571174E-FEA9-4238-B220-5790740C9CC5}
	EndGlobalSection
EndGlobal
